// !$*UTF8*$!
{
	archiveVersion = 1;
	classes = {
	};
	objectVersion = 55;
	objects = {

/* Begin PBXBuildFile section */
		5B15BEBF275BBCFD00D0BFBC /* AppDelegate.swift in Sources */ = {isa = PBXBuildFile; fileRef = 5B15BEBE275BBCFD00D0BFBC /* AppDelegate.swift */; };
		5B15BEC1275BBCFD00D0BFBC /* SceneDelegate.swift in Sources */ = {isa = PBXBuildFile; fileRef = 5B15BEC0275BBCFD00D0BFBC /* SceneDelegate.swift */; };
		5B15BEC3275BBCFD00D0BFBC /* ViewController.swift in Sources */ = {isa = PBXBuildFile; fileRef = 5B15BEC2275BBCFD00D0BFBC /* ViewController.swift */; };
		5B15BEC6275BBCFD00D0BFBC /* Main.storyboard in Resources */ = {isa = PBXBuildFile; fileRef = 5B15BEC4275BBCFD00D0BFBC /* Main.storyboard */; };
		5B15BEC8275BBD0200D0BFBC /* Assets.xcassets in Resources */ = {isa = PBXBuildFile; fileRef = 5B15BEC7275BBD0200D0BFBC /* Assets.xcassets */; };
		5B15BECB275BBD0200D0BFBC /* LaunchScreen.storyboard in Resources */ = {isa = PBXBuildFile; fileRef = 5B15BEC9275BBD0200D0BFBC /* LaunchScreen.storyboard */; };
		5B15BED4275BBD2A00D0BFBC /* ReSwift in Frameworks */ = {isa = PBXBuildFile; productRef = 5B15BED3275BBD2A00D0BFBC /* ReSwift */; };
		5B15BED7275BBD4200D0BFBC /* MDAlert in Frameworks */ = {isa = PBXBuildFile; productRef = 5B15BED6275BBD4200D0BFBC /* MDAlert */; };
		5B15BEDB275BBE0700D0BFBC /* AppState.swift in Sources */ = {isa = PBXBuildFile; fileRef = 5B15BEDA275BBE0700D0BFBC /* AppState.swift */; };
		5B15BEDE275BBE4300D0BFBC /* Actions.swift in Sources */ = {isa = PBXBuildFile; fileRef = 5B15BEDD275BBE4300D0BFBC /* Actions.swift */; };
		5B15BEE0275BBE8100D0BFBC /* CounterReducer.swift in Sources */ = {isa = PBXBuildFile; fileRef = 5B15BEDF275BBE8100D0BFBC /* CounterReducer.swift */; };
/* End PBXBuildFile section */

/* Begin PBXFileReference section */
		5B15BEBB275BBCFD00D0BFBC /* Reswift Practice.app */ = {isa = PBXFileReference; explicitFileType = wrapper.application; includeInIndex = 0; path = "Reswift Practice.app"; sourceTree = BUILT_PRODUCTS_DIR; };
		5B15BEBE275BBCFD00D0BFBC /* AppDelegate.swift */ = {isa = PBXFileReference; lastKnownFileType = sourcecode.swift; path = AppDelegate.swift; sourceTree = "<group>"; };
		5B15BEC0275BBCFD00D0BFBC /* SceneDelegate.swift */ = {isa = PBXFileReference; lastKnownFileType = sourcecode.swift; path = SceneDelegate.swift; sourceTree = "<group>"; };
		5B15BEC2275BBCFD00D0BFBC /* ViewController.swift */ = {isa = PBXFileReference; lastKnownFileType = sourcecode.swift; path = ViewController.swift; sourceTree = "<group>"; };
		5B15BEC5275BBCFD00D0BFBC /* Base */ = {isa = PBXFileReference; lastKnownFileType = file.storyboard; name = Base; path = Base.lproj/Main.storyboard; sourceTree = "<group>"; };
		5B15BEC7275BBD0200D0BFBC /* Assets.xcassets */ = {isa = PBXFileReference; lastKnownFileType = folder.assetcatalog; path = Assets.xcassets; sourceTree = "<group>"; };
		5B15BECA275BBD0200D0BFBC /* Base */ = {isa = PBXFileReference; lastKnownFileType = file.storyboard; name = Base; path = Base.lproj/LaunchScreen.storyboard; sourceTree = "<group>"; };
		5B15BECC275BBD0200D0BFBC /* Info.plist */ = {isa = PBXFileReference; lastKnownFileType = text.plist.xml; path = Info.plist; sourceTree = "<group>"; };
		5B15BEDA275BBE0700D0BFBC /* AppState.swift */ = {isa = PBXFileReference; lastKnownFileType = sourcecode.swift; path = AppState.swift; sourceTree = "<group>"; };
		5B15BEDD275BBE4300D0BFBC /* Actions.swift */ = {isa = PBXFileReference; lastKnownFileType = sourcecode.swift; path = Actions.swift; sourceTree = "<group>"; };
		5B15BEDF275BBE8100D0BFBC /* CounterReducer.swift */ = {isa = PBXFileReference; lastKnownFileType = sourcecode.swift; path = CounterReducer.swift; sourceTree = "<group>"; };
/* End PBXFileReference section */

/* Begin PBXFrameworksBuildPhase section */
		5B15BEB8275BBCFD00D0BFBC /* Frameworks */ = {
			isa = PBXFrameworksBuildPhase;
			buildActionMask = 2147483647;
			files = (
				5B15BED7275BBD4200D0BFBC /* MDAlert in Frameworks */,
				5B15BED4275BBD2A00D0BFBC /* ReSwift in Frameworks */,
			);
			runOnlyForDeploymentPostprocessing = 0;
		};
/* End PBXFrameworksBuildPhase section */

/* Begin PBXGroup section */
		5B15BEB2275BBCFD00D0BFBC = {
			isa = PBXGroup;
			children = (
				5B15BEBD275BBCFD00D0BFBC /* Reswift Practice */,
				5B15BEBC275BBCFD00D0BFBC /* Products */,
			);
			sourceTree = "<group>";
		};
		5B15BEBC275BBCFD00D0BFBC /* Products */ = {
			isa = PBXGroup;
			children = (
				5B15BEBB275BBCFD00D0BFBC /* Reswift Practice.app */,
			);
			name = Products;
			sourceTree = "<group>";
		};
		5B15BEBD275BBCFD00D0BFBC /* Reswift Practice */ = {
			isa = PBXGroup;
			children = (
				5B15BEDC275BBE2700D0BFBC /* Reducer */,
				5B15BED9275BBDF700D0BFBC /* State */,
				5B15BED8275BBDF100D0BFBC /* Action */,
				5B15BEBE275BBCFD00D0BFBC /* AppDelegate.swift */,
				5B15BEC0275BBCFD00D0BFBC /* SceneDelegate.swift */,
				5B15BEC2275BBCFD00D0BFBC /* ViewController.swift */,
				5B15BEC4275BBCFD00D0BFBC /* Main.storyboard */,
				5B15BEC7275BBD0200D0BFBC /* Assets.xcassets */,
				5B15BEC9275BBD0200D0BFBC /* LaunchScreen.storyboard */,
				5B15BECC275BBD0200D0BFBC /* Info.plist */,
			);
			path = "Reswift Practice";
			sourceTree = "<group>";
		};
		5B15BED8275BBDF100D0BFBC /* Action */ = {
			isa = PBXGroup;
			children = (
				5B15BEDD275BBE4300D0BFBC /* Actions.swift */,
			);
			path = Action;
			sourceTree = "<group>";
		};
		5B15BED9275BBDF700D0BFBC /* State */ = {
			isa = PBXGroup;
			children = (
				5B15BEDA275BBE0700D0BFBC /* AppState.swift */,
			);
			path = State;
			sourceTree = "<group>";
		};
		5B15BEDC275BBE2700D0BFBC /* Reducer */ = {
			isa = PBXGroup;
			children = (
				5B15BEDF275BBE8100D0BFBC /* CounterReducer.swift */,
			);
			name = Reducer;
			sourceTree = "<group>";
		};
/* End PBXGroup section */

/* Begin PBXNativeTarget section */
		5B15BEBA275BBCFD00D0BFBC /* Reswift Practice */ = {
			isa = PBXNativeTarget;
			buildConfigurationList = 5B15BECF275BBD0200D0BFBC /* Build configuration list for PBXNativeTarget "Reswift Practice" */;
			buildPhases = (
				5B15BEB7275BBCFD00D0BFBC /* Sources */,
				5B15BEB8275BBCFD00D0BFBC /* Frameworks */,
				5B15BEB9275BBCFD00D0BFBC /* Resources */,
			);
			buildRules = (
			);
			dependencies = (
			);
			name = "Reswift Practice";
			packageProductDependencies = (
				5B15BED3275BBD2A00D0BFBC /* ReSwift */,
				5B15BED6275BBD4200D0BFBC /* MDAlert */,
			);
			productName = "Reswift Practice";
			productReference = 5B15BEBB275BBCFD00D0BFBC /* Reswift Practice.app */;
			productType = "com.apple.product-type.application";
		};
/* End PBXNativeTarget section */

/* Begin PBXProject section */
		5B15BEB3275BBCFD00D0BFBC /* Project object */ = {
			isa = PBXProject;
			attributes = {
				BuildIndependentTargetsInParallel = 1;
				LastSwiftUpdateCheck = 1300;
				LastUpgradeCheck = 1300;
				TargetAttributes = {
					5B15BEBA275BBCFD00D0BFBC = {
						CreatedOnToolsVersion = 13.0;
					};
				};
			};
			buildConfigurationList = 5B15BEB6275BBCFD00D0BFBC /* Build configuration list for PBXProject "Reswift Practice" */;
			compatibilityVersion = "Xcode 13.0";
			developmentRegion = en;
			hasScannedForEncodings = 0;
			knownRegions = (
				en,
				Base,
			);
			mainGroup = 5B15BEB2275BBCFD00D0BFBC;
			packageReferences = (
				5B15BED2275BBD2A00D0BFBC /* XCRemoteSwiftPackageReference "ReSwift" */,
				5B15BED5275BBD4200D0BFBC /* XCRemoteSwiftPackageReference "MDAlert" */,
			);
			productRefGroup = 5B15BEBC275BBCFD00D0BFBC /* Products */;
			projectDirPath = "";
			projectRoot = "";
			targets = (
				5B15BEBA275BBCFD00D0BFBC /* Reswift Practice */,
			);
		};
/* End PBXProject section */

/* Begin PBXResourcesBuildPhase section */
		5B15BEB9275BBCFD00D0BFBC /* Resources */ = {
			isa = PBXResourcesBuildPhase;
			buildActionMask = 2147483647;
			files = (
				5B15BECB275BBD0200D0BFBC /* LaunchScreen.storyboard in Resources */,
				5B15BEC8275BBD0200D0BFBC /* Assets.xcassets in Resources */,
				5B15BEC6275BBCFD00D0BFBC /* Main.storyboard in Resources */,
			);
			runOnlyForDeploymentPostprocessing = 0;
		};
/* End PBXResourcesBuildPhase section */

/* Begin PBXSourcesBuildPhase section */
		5B15BEB7275BBCFD00D0BFBC /* Sources */ = {
			isa = PBXSourcesBuildPhase;
			buildActionMask = 2147483647;
			files = (
				5B15BEDE275BBE4300D0BFBC /* Actions.swift in Sources */,
				5B15BEE0275BBE8100D0BFBC /* CounterReducer.swift in Sources */,
				5B15BEC3275BBCFD00D0BFBC /* ViewController.swift in Sources */,
				5B15BEBF275BBCFD00D0BFBC /* AppDelegate.swift in Sources */,
				5B15BEC1275BBCFD00D0BFBC /* SceneDelegate.swift in Sources */,
				5B15BEDB275BBE0700D0BFBC /* AppState.swift in Sources */,
			);
			runOnlyForDeploymentPostprocessing = 0;
		};
/* End PBXSourcesBuildPhase section */

/* Begin PBXVariantGroup section */
		5B15BEC4275BBCFD00D0BFBC /* Main.storyboard */ = {
			isa = PBXVariantGroup;
			children = (
				5B15BEC5275BBCFD00D0BFBC /* Base */,
			);
			name = Main.storyboard;
			sourceTree = "<group>";
		};
		5B15BEC9275BBD0200D0BFBC /* LaunchScreen.storyboard */ = {
			isa = PBXVariantGroup;
			children = (
				5B15BECA275BBD0200D0BFBC /* Base */,
			);
			name = LaunchScreen.storyboard;
			sourceTree = "<group>";
		};
/* End PBXVariantGroup section */

/* Begin XCBuildConfiguration section */
		5B15BECD275BBD0200D0BFBC /* Debug */ = {
			isa = XCBuildConfiguration;
			buildSettings = {
				ALWAYS_SEARCH_USER_PATHS = NO;
				CLANG_ANALYZER_NONNULL = YES;
				CLANG_ANALYZER_NUMBER_OBJECT_CONVERSION = YES_AGGRESSIVE;
				CLANG_CXX_LANGUAGE_STANDARD = "gnu++17";
				CLANG_CXX_LIBRARY = "libc++";
				CLANG_ENABLE_MODULES = YES;
				CLANG_ENABLE_OBJC_ARC = YES;
				CLANG_ENABLE_OBJC_WEAK = YES;
				CLANG_WARN_BLOCK_CAPTURE_AUTORELEASING = YES;
				CLANG_WARN_BOOL_CONVERSION = YES;
				CLANG_WARN_COMMA = YES;
				CLANG_WARN_CONSTANT_CONVERSION = YES;
				CLANG_WARN_DEPRECATED_OBJC_IMPLEMENTATIONS = YES;
				CLANG_WARN_DIRECT_OBJC_ISA_USAGE = YES_ERROR;
				CLANG_WARN_DOCUMENTATION_COMMENTS = YES;
				CLANG_WARN_EMPTY_BODY = YES;
				CLANG_WARN_ENUM_CONVERSION = YES;
				CLANG_WARN_INFINITE_RECURSION = YES;
				CLANG_WARN_INT_CONVERSION = YES;
				CLANG_WARN_NON_LITERAL_NULL_CONVERSION = YES;
				CLANG_WARN_OBJC_IMPLICIT_RETAIN_SELF = YES;
				CLANG_WARN_OBJC_LITERAL_CONVERSION = YES;
				CLANG_WARN_OBJC_ROOT_CLASS = YES_ERROR;
				CLANG_WARN_QUOTED_INCLUDE_IN_FRAMEWORK_HEADER = YES;
				CLANG_WARN_RANGE_LOOP_ANALYSIS = YES;
				CLANG_WARN_STRICT_PROTOTYPES = YES;
				CLANG_WARN_SUSPICIOUS_MOVE = YES;
				CLANG_WARN_UNGUARDED_AVAILABILITY = YES_AGGRESSIVE;
				CLANG_WARN_UNREACHABLE_CODE = YES;
				CLANG_WARN__DUPLICATE_METHOD_MATCH = YES;
				COPY_PHASE_STRIP = NO;
				DEBUG_INFORMATION_FORMAT = dwarf;
				ENABLE_STRICT_OBJC_MSGSEND = YES;
				ENABLE_TESTABILITY = YES;
				GCC_C_LANGUAGE_STANDARD = gnu11;
				GCC_DYNAMIC_NO_PIC = NO;
				GCC_NO_COMMON_BLOCKS = YES;
				GCC_OPTIMIZATION_LEVEL = 0;
				GCC_PREPROCESSOR_DEFINITIONS = (
					"DEBUG=1",
					"$(inherited)",
				);
				GCC_WARN_64_TO_32_BIT_CONVERSION = YES;
				GCC_WARN_ABOUT_RETURN_TYPE = YES_ERROR;
				GCC_WARN_UNDECLARED_SELECTOR = YES;
				GCC_WARN_UNINITIALIZED_AUTOS = YES_AGGRESSIVE;
				GCC_WARN_UNUSED_FUNCTION = YES;
				GCC_WARN_UNUSED_VARIABLE = YES;
				IPHONEOS_DEPLOYMENT_TARGET = 15.0;
				MTL_ENABLE_DEBUG_INFO = INCLUDE_SOURCE;
				MTL_FAST_MATH = YES;
				ONLY_ACTIVE_ARCH = YES;
				SDKROOT = iphoneos;
				SWIFT_ACTIVE_COMPILATION_CONDITIONS = DEBUG;
				SWIFT_OPTIMIZATION_LEVEL = "-Onone";
			};
			name = Debug;
		};
		5B15BECE275BBD0200D0BFBC /* Release */ = {
			isa = XCBuildConfiguration;
			buildSettings = {
				ALWAYS_SEARCH_USER_PATHS = NO;
				CLANG_ANALYZER_NONNULL = YES;
				CLANG_ANALYZER_NUMBER_OBJECT_CONVERSION = YES_AGGRESSIVE;
				CLANG_CXX_LANGUAGE_STANDARD = "gnu++17";
				CLANG_CXX_LIBRARY = "libc++";
				CLANG_ENABLE_MODULES = YES;
				CLANG_ENABLE_OBJC_ARC = YES;
				CLANG_ENABLE_OBJC_WEAK = YES;
				CLANG_WARN_BLOCK_CAPTURE_AUTORELEASING = YES;
				CLANG_WARN_BOOL_CONVERSION = YES;
				CLANG_WARN_COMMA = YES;
				CLANG_WARN_CONSTANT_CONVERSION = YES;
				CLANG_WARN_DEPRECATED_OBJC_IMPLEMENTATIONS = YES;
				CLANG_WARN_DIRECT_OBJC_ISA_USAGE = YES_ERROR;
				CLANG_WARN_DOCUMENTATION_COMMENTS = YES;
				CLANG_WARN_EMPTY_BODY = YES;
				CLANG_WARN_ENUM_CONVERSION = YES;
				CLANG_WARN_INFINITE_RECURSION = YES;
				CLANG_WARN_INT_CONVERSION = YES;
				CLANG_WARN_NON_LITERAL_NULL_CONVERSION = YES;
				CLANG_WARN_OBJC_IMPLICIT_RETAIN_SELF = YES;
				CLANG_WARN_OBJC_LITERAL_CONVERSION = YES;
				CLANG_WARN_OBJC_ROOT_CLASS = YES_ERROR;
				CLANG_WARN_QUOTED_INCLUDE_IN_FRAMEWORK_HEADER = YES;
				CLANG_WARN_RANGE_LOOP_ANALYSIS = YES;
				CLANG_WARN_STRICT_PROTOTYPES = YES;
				CLANG_WARN_SUSPICIOUS_MOVE = YES;
				CLANG_WARN_UNGUARDED_AVAILABILITY = YES_AGGRESSIVE;
				CLANG_WARN_UNREACHABLE_CODE = YES;
				CLANG_WARN__DUPLICATE_METHOD_MATCH = YES;
				COPY_PHASE_STRIP = NO;
				DEBUG_INFORMATION_FORMAT = "dwarf-with-dsym";
				ENABLE_NS_ASSERTIONS = NO;
				ENABLE_STRICT_OBJC_MSGSEND = YES;
				GCC_C_LANGUAGE_STANDARD = gnu11;
				GCC_NO_COMMON_BLOCKS = YES;
				GCC_WARN_64_TO_32_BIT_CONVERSION = YES;
				GCC_WARN_ABOUT_RETURN_TYPE = YES_ERROR;
				GCC_WARN_UNDECLARED_SELECTOR = YES;
				GCC_WARN_UNINITIALIZED_AUTOS = YES_AGGRESSIVE;
				GCC_WARN_UNUSED_FUNCTION = YES;
				GCC_WARN_UNUSED_VARIABLE = YES;
				IPHONEOS_DEPLOYMENT_TARGET = 15.0;
				MTL_ENABLE_DEBUG_INFO = NO;
				MTL_FAST_MATH = YES;
				SDKROOT = iphoneos;
				SWIFT_COMPILATION_MODE = wholemodule;
				SWIFT_OPTIMIZATION_LEVEL = "-O";
				VALIDATE_PRODUCT = YES;
			};
			name = Release;
		};
		5B15BED0275BBD0200D0BFBC /* Debug */ = {
			isa = XCBuildConfiguration;
			buildSettings = {
				ASSETCATALOG_COMPILER_APPICON_NAME = AppIcon;
				ASSETCATALOG_COMPILER_GLOBAL_ACCENT_COLOR_NAME = AccentColor;
				CODE_SIGN_STYLE = Automatic;
				CURRENT_PROJECT_VERSION = 1;
				DEVELOPMENT_TEAM = 5GQ6QL9S3X;
				GENERATE_INFOPLIST_FILE = YES;
				INFOPLIST_FILE = "Reswift Practice/Info.plist";
				INFOPLIST_KEY_UIApplicationSupportsIndirectInputEvents = YES;
				INFOPLIST_KEY_UILaunchStoryboardName = LaunchScreen;
				INFOPLIST_KEY_UIMainStoryboardFile = Main;
				INFOPLIST_KEY_UISupportedInterfaceOrientations_iPad = "UIInterfaceOrientationPortrait UIInterfaceOrientationPortraitUpsideDown UIInterfaceOrientationLandscapeLeft UIInterfaceOrientationLandscapeRight";
				INFOPLIST_KEY_UISupportedInterfaceOrientations_iPhone = "UIInterfaceOrientationPortrait UIInterfaceOrientationLandscapeLeft UIInterfaceOrientationLandscapeRight";
				LD_RUNPATH_SEARCH_PATHS = (
					"$(inherited)",
					"@executable_path/Frameworks",
				);
				MARKETING_VERSION = 1.0;
				PRODUCT_BUNDLE_IDENTIFIER = "com.ruheekim.Reswift-Practice";
				PRODUCT_NAME = "$(TARGET_NAME)";
				SWIFT_EMIT_LOC_STRINGS = YES;
				SWIFT_VERSION = 5.0;
				TARGETED_DEVICE_FAMILY = "1,2";
			};
			name = Debug;
		};
		5B15BED1275BBD0200D0BFBC /* Release */ = {
			isa = XCBuildConfiguration;
			buildSettings = {
				ASSETCATALOG_COMPILER_APPICON_NAME = AppIcon;
				ASSETCATALOG_COMPILER_GLOBAL_ACCENT_COLOR_NAME = AccentColor;
				CODE_SIGN_STYLE = Automatic;
				CURRENT_PROJECT_VERSION = 1;
				DEVELOPMENT_TEAM = 5GQ6QL9S3X;
				GENERATE_INFOPLIST_FILE = YES;
				INFOPLIST_FILE = "Reswift Practice/Info.plist";
				INFOPLIST_KEY_UIApplicationSupportsIndirectInputEvents = YES;
				INFOPLIST_KEY_UILaunchStoryboardName = LaunchScreen;
				INFOPLIST_KEY_UIMainStoryboardFile = Main;
				INFOPLIST_KEY_UISupportedInterfaceOrientations_iPad = "UIInterfaceOrientationPortrait UIInterfaceOrientationPortraitUpsideDown UIInterfaceOrientationLandscapeLeft UIInterfaceOrientationLandscapeRight";
				INFOPLIST_KEY_UISupportedInterfaceOrientations_iPhone = "UIInterfaceOrientationPortrait UIInterfaceOrientationLandscapeLeft UIInterfaceOrientationLandscapeRight";
				LD_RUNPATH_SEARCH_PATHS = (
					"$(inherited)",
					"@executable_path/Frameworks",
				);
				MARKETING_VERSION = 1.0;
				PRODUCT_BUNDLE_IDENTIFIER = "com.ruheekim.Reswift-Practice";
				PRODUCT_NAME = "$(TARGET_NAME)";
				SWIFT_EMIT_LOC_STRINGS = YES;
				SWIFT_VERSION = 5.0;
				TARGETED_DEVICE_FAMILY = "1,2";
			};
			name = Release;
		};
/* End XCBuildConfiguration section */

/* Begin XCConfigurationList section */
		5B15BEB6275BBCFD00D0BFBC /* Build configuration list for PBXProject "Reswift Practice" */ = {
			isa = XCConfigurationList;
			buildConfigurations = (
				5B15BECD275BBD0200D0BFBC /* Debug */,
				5B15BECE275BBD0200D0BFBC /* Release */,
			);
			defaultConfigurationIsVisible = 0;
			defaultConfigurationName = Release;
		};
		5B15BECF275BBD0200D0BFBC /* Build configuration list for PBXNativeTarget "Reswift Practice" */ = {
			isa = XCConfigurationList;
			buildConfigurations = (
				5B15BED0275BBD0200D0BFBC /* Debug */,
				5B15BED1275BBD0200D0BFBC /* Release */,
			);
			defaultConfigurationIsVisible = 0;
			defaultConfigurationName = Release;
		};
/* End XCConfigurationList section */

/* Begin XCRemoteSwiftPackageReference section */
		5B15BED2275BBD2A00D0BFBC /* XCRemoteSwiftPackageReference "ReSwift" */ = {
			isa = XCRemoteSwiftPackageReference;
			repositoryURL = "https://github.com/ReSwift/ReSwift.git";
			requirement = {
				kind = exactVersion;
				version = 5.0.0;
			};
		};
		5B15BED5275BBD4200D0BFBC /* XCRemoteSwiftPackageReference "MDAlert" */ = {
			isa = XCRemoteSwiftPackageReference;
			repositoryURL = "https://github.com/Taehyeon-Kim/MDAlert.git";
			requirement = {
				branch = master;
				kind = branch;
			};
		};
/* End XCRemoteSwiftPackageReference section */

/* Begin XCSwiftPackageProductDependency section */
		5B15BED3275BBD2A00D0BFBC /* ReSwift */ = {
			isa = XCSwiftPackageProductDependency;
			package = 5B15BED2275BBD2A00D0BFBC /* XCRemoteSwiftPackageReference "ReSwift" */;
			productName = ReSwift;
		};
		5B15BED6275BBD4200D0BFBC /* MDAlert */ = {
			isa = XCSwiftPackageProductDependency;
			package = 5B15BED5275BBD4200D0BFBC /* XCRemoteSwiftPackageReference "MDAlert" */;
			productName = MDAlert;
		};
/* End XCSwiftPackageProductDependency section */
	};
	rootObject = 5B15BEB3275BBCFD00D0BFBC /* Project object */;
}
