// !$*UTF8*$!
{
	archiveVersion = 1;
	classes = {
	};
	objectVersion = 52;
	objects = {

/* Begin PBXBuildFile section */
		5B66A88226A6C9400057C121 /* AppDelegate.swift in Sources */ = {isa = PBXBuildFile; fileRef = 5B66A88126A6C9400057C121 /* AppDelegate.swift */; };
		5B66A88426A6C9400057C121 /* SceneDelegate.swift in Sources */ = {isa = PBXBuildFile; fileRef = 5B66A88326A6C9400057C121 /* SceneDelegate.swift */; };
		5B66A88626A6C9400057C121 /* ViewController.swift in Sources */ = {isa = PBXBuildFile; fileRef = 5B66A88526A6C9400057C121 /* ViewController.swift */; };
		5B66A88926A6C9400057C121 /* Main.storyboard in Resources */ = {isa = PBXBuildFile; fileRef = 5B66A88726A6C9400057C121 /* Main.storyboard */; };
		5B66A88B26A6C9430057C121 /* Assets.xcassets in Resources */ = {isa = PBXBuildFile; fileRef = 5B66A88A26A6C9430057C121 /* Assets.xcassets */; };
		5B66A88E26A6C9430057C121 /* LaunchScreen.storyboard in Resources */ = {isa = PBXBuildFile; fileRef = 5B66A88C26A6C9430057C121 /* LaunchScreen.storyboard */; };
		5B66A89826A6CA710057C121 /* Then in Frameworks */ = {isa = PBXBuildFile; productRef = 5B66A89726A6CA710057C121 /* Then */; };
		5B66A89C26A6CBC80057C121 /* SnapKit in Frameworks */ = {isa = PBXBuildFile; productRef = 5B66A89B26A6CBC80057C121 /* SnapKit */; };
		5B66A8A026A6CC410057C121 /* UIColor + Extension.swift in Sources */ = {isa = PBXBuildFile; fileRef = 5B66A89F26A6CC410057C121 /* UIColor + Extension.swift */; };
/* End PBXBuildFile section */

/* Begin PBXFileReference section */
		5B66A87E26A6C9400057C121 /* TextView Practice.app */ = {isa = PBXFileReference; explicitFileType = wrapper.application; includeInIndex = 0; path = "TextView Practice.app"; sourceTree = BUILT_PRODUCTS_DIR; };
		5B66A88126A6C9400057C121 /* AppDelegate.swift */ = {isa = PBXFileReference; lastKnownFileType = sourcecode.swift; path = AppDelegate.swift; sourceTree = "<group>"; };
		5B66A88326A6C9400057C121 /* SceneDelegate.swift */ = {isa = PBXFileReference; lastKnownFileType = sourcecode.swift; path = SceneDelegate.swift; sourceTree = "<group>"; };
		5B66A88526A6C9400057C121 /* ViewController.swift */ = {isa = PBXFileReference; lastKnownFileType = sourcecode.swift; path = ViewController.swift; sourceTree = "<group>"; };
		5B66A88826A6C9400057C121 /* Base */ = {isa = PBXFileReference; lastKnownFileType = file.storyboard; name = Base; path = Base.lproj/Main.storyboard; sourceTree = "<group>"; };
		5B66A88A26A6C9430057C121 /* Assets.xcassets */ = {isa = PBXFileReference; lastKnownFileType = folder.assetcatalog; path = Assets.xcassets; sourceTree = "<group>"; };
		5B66A88D26A6C9430057C121 /* Base */ = {isa = PBXFileReference; lastKnownFileType = file.storyboard; name = Base; path = Base.lproj/LaunchScreen.storyboard; sourceTree = "<group>"; };
		5B66A88F26A6C9430057C121 /* Info.plist */ = {isa = PBXFileReference; lastKnownFileType = text.plist.xml; path = Info.plist; sourceTree = "<group>"; };
		5B66A89F26A6CC410057C121 /* UIColor + Extension.swift */ = {isa = PBXFileReference; lastKnownFileType = sourcecode.swift; path = "UIColor + Extension.swift"; sourceTree = "<group>"; };
/* End PBXFileReference section */

/* Begin PBXFrameworksBuildPhase section */
		5B66A87B26A6C9400057C121 /* Frameworks */ = {
			isa = PBXFrameworksBuildPhase;
			buildActionMask = 2147483647;
			files = (
				5B66A89826A6CA710057C121 /* Then in Frameworks */,
				5B66A89C26A6CBC80057C121 /* SnapKit in Frameworks */,
			);
			runOnlyForDeploymentPostprocessing = 0;
		};
/* End PBXFrameworksBuildPhase section */

/* Begin PBXGroup section */
		5B66A87526A6C9400057C121 = {
			isa = PBXGroup;
			children = (
				5B66A88026A6C9400057C121 /* TextView Practice */,
				5B66A87F26A6C9400057C121 /* Products */,
			);
			sourceTree = "<group>";
		};
		5B66A87F26A6C9400057C121 /* Products */ = {
			isa = PBXGroup;
			children = (
				5B66A87E26A6C9400057C121 /* TextView Practice.app */,
			);
			name = Products;
			sourceTree = "<group>";
		};
		5B66A88026A6C9400057C121 /* TextView Practice */ = {
			isa = PBXGroup;
			children = (
				5B66A89E26A6CC2E0057C121 /* Extension */,
				5B66A88126A6C9400057C121 /* AppDelegate.swift */,
				5B66A88326A6C9400057C121 /* SceneDelegate.swift */,
				5B66A88526A6C9400057C121 /* ViewController.swift */,
				5B66A88726A6C9400057C121 /* Main.storyboard */,
				5B66A88A26A6C9430057C121 /* Assets.xcassets */,
				5B66A88C26A6C9430057C121 /* LaunchScreen.storyboard */,
				5B66A88F26A6C9430057C121 /* Info.plist */,
			);
			path = "TextView Practice";
			sourceTree = "<group>";
		};
		5B66A89E26A6CC2E0057C121 /* Extension */ = {
			isa = PBXGroup;
			children = (
				5B66A89F26A6CC410057C121 /* UIColor + Extension.swift */,
			);
			path = Extension;
			sourceTree = "<group>";
		};
/* End PBXGroup section */

/* Begin PBXNativeTarget section */
		5B66A87D26A6C9400057C121 /* TextView Practice */ = {
			isa = PBXNativeTarget;
			buildConfigurationList = 5B66A89226A6C9430057C121 /* Build configuration list for PBXNativeTarget "TextView Practice" */;
			buildPhases = (
				5B66A87A26A6C9400057C121 /* Sources */,
				5B66A87B26A6C9400057C121 /* Frameworks */,
				5B66A87C26A6C9400057C121 /* Resources */,
			);
			buildRules = (
			);
			dependencies = (
			);
			name = "TextView Practice";
			packageProductDependencies = (
				5B66A89726A6CA710057C121 /* Then */,
				5B66A89B26A6CBC80057C121 /* SnapKit */,
			);
			productName = "TextView Practice";
			productReference = 5B66A87E26A6C9400057C121 /* TextView Practice.app */;
			productType = "com.apple.product-type.application";
		};
/* End PBXNativeTarget section */

/* Begin PBXProject section */
		5B66A87626A6C9400057C121 /* Project object */ = {
			isa = PBXProject;
			attributes = {
				LastSwiftUpdateCheck = 1240;
				LastUpgradeCheck = 1240;
				TargetAttributes = {
					5B66A87D26A6C9400057C121 = {
						CreatedOnToolsVersion = 12.4;
					};
				};
			};
			buildConfigurationList = 5B66A87926A6C9400057C121 /* Build configuration list for PBXProject "TextView Practice" */;
			compatibilityVersion = "Xcode 9.3";
			developmentRegion = en;
			hasScannedForEncodings = 0;
			knownRegions = (
				en,
				Base,
			);
			mainGroup = 5B66A87526A6C9400057C121;
			packageReferences = (
				5B66A89626A6CA710057C121 /* XCRemoteSwiftPackageReference "Then" */,
				5B66A89A26A6CBC80057C121 /* XCRemoteSwiftPackageReference "SnapKit" */,
			);
			productRefGroup = 5B66A87F26A6C9400057C121 /* Products */;
			projectDirPath = "";
			projectRoot = "";
			targets = (
				5B66A87D26A6C9400057C121 /* TextView Practice */,
			);
		};
/* End PBXProject section */

/* Begin PBXResourcesBuildPhase section */
		5B66A87C26A6C9400057C121 /* Resources */ = {
			isa = PBXResourcesBuildPhase;
			buildActionMask = 2147483647;
			files = (
				5B66A88E26A6C9430057C121 /* LaunchScreen.storyboard in Resources */,
				5B66A88B26A6C9430057C121 /* Assets.xcassets in Resources */,
				5B66A88926A6C9400057C121 /* Main.storyboard in Resources */,
			);
			runOnlyForDeploymentPostprocessing = 0;
		};
/* End PBXResourcesBuildPhase section */

/* Begin PBXSourcesBuildPhase section */
		5B66A87A26A6C9400057C121 /* Sources */ = {
			isa = PBXSourcesBuildPhase;
			buildActionMask = 2147483647;
			files = (
				5B66A88626A6C9400057C121 /* ViewController.swift in Sources */,
				5B66A8A026A6CC410057C121 /* UIColor + Extension.swift in Sources */,
				5B66A88226A6C9400057C121 /* AppDelegate.swift in Sources */,
				5B66A88426A6C9400057C121 /* SceneDelegate.swift in Sources */,
			);
			runOnlyForDeploymentPostprocessing = 0;
		};
/* End PBXSourcesBuildPhase section */

/* Begin PBXVariantGroup section */
		5B66A88726A6C9400057C121 /* Main.storyboard */ = {
			isa = PBXVariantGroup;
			children = (
				5B66A88826A6C9400057C121 /* Base */,
			);
			name = Main.storyboard;
			sourceTree = "<group>";
		};
		5B66A88C26A6C9430057C121 /* LaunchScreen.storyboard */ = {
			isa = PBXVariantGroup;
			children = (
				5B66A88D26A6C9430057C121 /* Base */,
			);
			name = LaunchScreen.storyboard;
			sourceTree = "<group>";
		};
/* End PBXVariantGroup section */

/* Begin XCBuildConfiguration section */
		5B66A89026A6C9430057C121 /* Debug */ = {
			isa = XCBuildConfiguration;
			buildSettings = {
				ALWAYS_SEARCH_USER_PATHS = NO;
				CLANG_ANALYZER_NONNULL = YES;
				CLANG_ANALYZER_NUMBER_OBJECT_CONVERSION = YES_AGGRESSIVE;
				CLANG_CXX_LANGUAGE_STANDARD = "gnu++14";
				CLANG_CXX_LIBRARY = "libc++";
				CLANG_ENABLE_MODULES = YES;
				CLANG_ENABLE_OBJC_ARC = YES;
				CLANG_ENABLE_OBJC_WEAK = YES;
				CLANG_WARN_BLOCK_CAPTURE_AUTORELEASING = YES;
				CLANG_WARN_BOOL_CONVERSION = YES;
				CLANG_WARN_COMMA = YES;
				CLANG_WARN_CONSTANT_CONVERSION = YES;
				CLANG_WARN_DEPRECATED_OBJC_IMPLEMENTATIONS = YES;
				CLANG_WARN_DIRECT_OBJC_ISA_USAGE = YES_ERROR;
				CLANG_WARN_DOCUMENTATION_COMMENTS = YES;
				CLANG_WARN_EMPTY_BODY = YES;
				CLANG_WARN_ENUM_CONVERSION = YES;
				CLANG_WARN_INFINITE_RECURSION = YES;
				CLANG_WARN_INT_CONVERSION = YES;
				CLANG_WARN_NON_LITERAL_NULL_CONVERSION = YES;
				CLANG_WARN_OBJC_IMPLICIT_RETAIN_SELF = YES;
				CLANG_WARN_OBJC_LITERAL_CONVERSION = YES;
				CLANG_WARN_OBJC_ROOT_CLASS = YES_ERROR;
				CLANG_WARN_QUOTED_INCLUDE_IN_FRAMEWORK_HEADER = YES;
				CLANG_WARN_RANGE_LOOP_ANALYSIS = YES;
				CLANG_WARN_STRICT_PROTOTYPES = YES;
				CLANG_WARN_SUSPICIOUS_MOVE = YES;
				CLANG_WARN_UNGUARDED_AVAILABILITY = YES_AGGRESSIVE;
				CLANG_WARN_UNREACHABLE_CODE = YES;
				CLANG_WARN__DUPLICATE_METHOD_MATCH = YES;
				COPY_PHASE_STRIP = NO;
				DEBUG_INFORMATION_FORMAT = dwarf;
				ENABLE_STRICT_OBJC_MSGSEND = YES;
				ENABLE_TESTABILITY = YES;
				GCC_C_LANGUAGE_STANDARD = gnu11;
				GCC_DYNAMIC_NO_PIC = NO;
				GCC_NO_COMMON_BLOCKS = YES;
				GCC_OPTIMIZATION_LEVEL = 0;
				GCC_PREPROCESSOR_DEFINITIONS = (
					"DEBUG=1",
					"$(inherited)",
				);
				GCC_WARN_64_TO_32_BIT_CONVERSION = YES;
				GCC_WARN_ABOUT_RETURN_TYPE = YES_ERROR;
				GCC_WARN_UNDECLARED_SELECTOR = YES;
				GCC_WARN_UNINITIALIZED_AUTOS = YES_AGGRESSIVE;
				GCC_WARN_UNUSED_FUNCTION = YES;
				GCC_WARN_UNUSED_VARIABLE = YES;
				IPHONEOS_DEPLOYMENT_TARGET = 14.4;
				MTL_ENABLE_DEBUG_INFO = INCLUDE_SOURCE;
				MTL_FAST_MATH = YES;
				ONLY_ACTIVE_ARCH = YES;
				SDKROOT = iphoneos;
				SWIFT_ACTIVE_COMPILATION_CONDITIONS = DEBUG;
				SWIFT_OPTIMIZATION_LEVEL = "-Onone";
			};
			name = Debug;
		};
		5B66A89126A6C9430057C121 /* Release */ = {
			isa = XCBuildConfiguration;
			buildSettings = {
				ALWAYS_SEARCH_USER_PATHS = NO;
				CLANG_ANALYZER_NONNULL = YES;
				CLANG_ANALYZER_NUMBER_OBJECT_CONVERSION = YES_AGGRESSIVE;
				CLANG_CXX_LANGUAGE_STANDARD = "gnu++14";
				CLANG_CXX_LIBRARY = "libc++";
				CLANG_ENABLE_MODULES = YES;
				CLANG_ENABLE_OBJC_ARC = YES;
				CLANG_ENABLE_OBJC_WEAK = YES;
				CLANG_WARN_BLOCK_CAPTURE_AUTORELEASING = YES;
				CLANG_WARN_BOOL_CONVERSION = YES;
				CLANG_WARN_COMMA = YES;
				CLANG_WARN_CONSTANT_CONVERSION = YES;
				CLANG_WARN_DEPRECATED_OBJC_IMPLEMENTATIONS = YES;
				CLANG_WARN_DIRECT_OBJC_ISA_USAGE = YES_ERROR;
				CLANG_WARN_DOCUMENTATION_COMMENTS = YES;
				CLANG_WARN_EMPTY_BODY = YES;
				CLANG_WARN_ENUM_CONVERSION = YES;
				CLANG_WARN_INFINITE_RECURSION = YES;
				CLANG_WARN_INT_CONVERSION = YES;
				CLANG_WARN_NON_LITERAL_NULL_CONVERSION = YES;
				CLANG_WARN_OBJC_IMPLICIT_RETAIN_SELF = YES;
				CLANG_WARN_OBJC_LITERAL_CONVERSION = YES;
				CLANG_WARN_OBJC_ROOT_CLASS = YES_ERROR;
				CLANG_WARN_QUOTED_INCLUDE_IN_FRAMEWORK_HEADER = YES;
				CLANG_WARN_RANGE_LOOP_ANALYSIS = YES;
				CLANG_WARN_STRICT_PROTOTYPES = YES;
				CLANG_WARN_SUSPICIOUS_MOVE = YES;
				CLANG_WARN_UNGUARDED_AVAILABILITY = YES_AGGRESSIVE;
				CLANG_WARN_UNREACHABLE_CODE = YES;
				CLANG_WARN__DUPLICATE_METHOD_MATCH = YES;
				COPY_PHASE_STRIP = NO;
				DEBUG_INFORMATION_FORMAT = "dwarf-with-dsym";
				ENABLE_NS_ASSERTIONS = NO;
				ENABLE_STRICT_OBJC_MSGSEND = YES;
				GCC_C_LANGUAGE_STANDARD = gnu11;
				GCC_NO_COMMON_BLOCKS = YES;
				GCC_WARN_64_TO_32_BIT_CONVERSION = YES;
				GCC_WARN_ABOUT_RETURN_TYPE = YES_ERROR;
				GCC_WARN_UNDECLARED_SELECTOR = YES;
				GCC_WARN_UNINITIALIZED_AUTOS = YES_AGGRESSIVE;
				GCC_WARN_UNUSED_FUNCTION = YES;
				GCC_WARN_UNUSED_VARIABLE = YES;
				IPHONEOS_DEPLOYMENT_TARGET = 14.4;
				MTL_ENABLE_DEBUG_INFO = NO;
				MTL_FAST_MATH = YES;
				SDKROOT = iphoneos;
				SWIFT_COMPILATION_MODE = wholemodule;
				SWIFT_OPTIMIZATION_LEVEL = "-O";
				VALIDATE_PRODUCT = YES;
			};
			name = Release;
		};
		5B66A89326A6C9430057C121 /* Debug */ = {
			isa = XCBuildConfiguration;
			buildSettings = {
				ASSETCATALOG_COMPILER_APPICON_NAME = AppIcon;
				ASSETCATALOG_COMPILER_GLOBAL_ACCENT_COLOR_NAME = AccentColor;
				CODE_SIGN_STYLE = Automatic;
				DEVELOPMENT_TEAM = 5GQ6QL9S3X;
				INFOPLIST_FILE = "TextView Practice/Info.plist";
				LD_RUNPATH_SEARCH_PATHS = (
					"$(inherited)",
					"@executable_path/Frameworks",
				);
				PRODUCT_BUNDLE_IDENTIFIER = "ruheekim.TextView-Practice";
				PRODUCT_NAME = "$(TARGET_NAME)";
				SWIFT_VERSION = 5.0;
				TARGETED_DEVICE_FAMILY = "1,2";
			};
			name = Debug;
		};
		5B66A89426A6C9430057C121 /* Release */ = {
			isa = XCBuildConfiguration;
			buildSettings = {
				ASSETCATALOG_COMPILER_APPICON_NAME = AppIcon;
				ASSETCATALOG_COMPILER_GLOBAL_ACCENT_COLOR_NAME = AccentColor;
				CODE_SIGN_STYLE = Automatic;
				DEVELOPMENT_TEAM = 5GQ6QL9S3X;
				INFOPLIST_FILE = "TextView Practice/Info.plist";
				LD_RUNPATH_SEARCH_PATHS = (
					"$(inherited)",
					"@executable_path/Frameworks",
				);
				PRODUCT_BUNDLE_IDENTIFIER = "ruheekim.TextView-Practice";
				PRODUCT_NAME = "$(TARGET_NAME)";
				SWIFT_VERSION = 5.0;
				TARGETED_DEVICE_FAMILY = "1,2";
			};
			name = Release;
		};
/* End XCBuildConfiguration section */

/* Begin XCConfigurationList section */
		5B66A87926A6C9400057C121 /* Build configuration list for PBXProject "TextView Practice" */ = {
			isa = XCConfigurationList;
			buildConfigurations = (
				5B66A89026A6C9430057C121 /* Debug */,
				5B66A89126A6C9430057C121 /* Release */,
			);
			defaultConfigurationIsVisible = 0;
			defaultConfigurationName = Release;
		};
		5B66A89226A6C9430057C121 /* Build configuration list for PBXNativeTarget "TextView Practice" */ = {
			isa = XCConfigurationList;
			buildConfigurations = (
				5B66A89326A6C9430057C121 /* Debug */,
				5B66A89426A6C9430057C121 /* Release */,
			);
			defaultConfigurationIsVisible = 0;
			defaultConfigurationName = Release;
		};
/* End XCConfigurationList section */

/* Begin XCRemoteSwiftPackageReference section */
		5B66A89626A6CA710057C121 /* XCRemoteSwiftPackageReference "Then" */ = {
			isa = XCRemoteSwiftPackageReference;
			repositoryURL = "https://github.com/devxoul/Then";
			requirement = {
				kind = upToNextMajorVersion;
				minimumVersion = 2.7.0;
			};
		};
		5B66A89A26A6CBC80057C121 /* XCRemoteSwiftPackageReference "SnapKit" */ = {
			isa = XCRemoteSwiftPackageReference;
			repositoryURL = "https://github.com/SnapKit/SnapKit.git";
			requirement = {
				kind = upToNextMajorVersion;
				minimumVersion = 5.0.1;
			};
		};
/* End XCRemoteSwiftPackageReference section */

/* Begin XCSwiftPackageProductDependency section */
		5B66A89726A6CA710057C121 /* Then */ = {
			isa = XCSwiftPackageProductDependency;
			package = 5B66A89626A6CA710057C121 /* XCRemoteSwiftPackageReference "Then" */;
			productName = Then;
		};
		5B66A89B26A6CBC80057C121 /* SnapKit */ = {
			isa = XCSwiftPackageProductDependency;
			package = 5B66A89A26A6CBC80057C121 /* XCRemoteSwiftPackageReference "SnapKit" */;
			productName = SnapKit;
		};
/* End XCSwiftPackageProductDependency section */
	};
	rootObject = 5B66A87626A6C9400057C121 /* Project object */;
}
