// !$*UTF8*$!
{
	archiveVersion = 1;
	classes = {
	};
	objectVersion = 51;
	objects = {

/* Begin PBXBuildFile section */
		5B3C142626DCDFDE0014AAC8 /* AppDelegate.swift in Sources */ = {isa = PBXBuildFile; fileRef = 5B3C142526DCDFDE0014AAC8 /* AppDelegate.swift */; };
		5B3C142826DCDFDE0014AAC8 /* SceneDelegate.swift in Sources */ = {isa = PBXBuildFile; fileRef = 5B3C142726DCDFDE0014AAC8 /* SceneDelegate.swift */; };
		5B3C142A26DCDFDE0014AAC8 /* ViewController.swift in Sources */ = {isa = PBXBuildFile; fileRef = 5B3C142926DCDFDE0014AAC8 /* ViewController.swift */; };
		5B3C142D26DCDFDE0014AAC8 /* Main.storyboard in Resources */ = {isa = PBXBuildFile; fileRef = 5B3C142B26DCDFDE0014AAC8 /* Main.storyboard */; };
		5B3C142F26DCDFE10014AAC8 /* Assets.xcassets in Resources */ = {isa = PBXBuildFile; fileRef = 5B3C142E26DCDFE10014AAC8 /* Assets.xcassets */; };
		5B3C143226DCDFE10014AAC8 /* LaunchScreen.storyboard in Resources */ = {isa = PBXBuildFile; fileRef = 5B3C143026DCDFE10014AAC8 /* LaunchScreen.storyboard */; };
		5B3C144026DCEA150014AAC8 /* CircleProgressView.swift in Sources */ = {isa = PBXBuildFile; fileRef = 5B3C143F26DCEA140014AAC8 /* CircleProgressView.swift */; };
		BE290CE7BA3DCFADA05DD104 /* Pods_ProgressBar_Practice.framework in Frameworks */ = {isa = PBXBuildFile; fileRef = 9D80ADBA48B4002D463A749B /* Pods_ProgressBar_Practice.framework */; };
/* End PBXBuildFile section */

/* Begin PBXFileReference section */
		3BB148A88CEF4075004A6D7D /* Pods-ProgressBar Practice.debug.xcconfig */ = {isa = PBXFileReference; includeInIndex = 1; lastKnownFileType = text.xcconfig; name = "Pods-ProgressBar Practice.debug.xcconfig"; path = "Target Support Files/Pods-ProgressBar Practice/Pods-ProgressBar Practice.debug.xcconfig"; sourceTree = "<group>"; };
		5B3C142226DCDFDE0014AAC8 /* ProgressBar Practice.app */ = {isa = PBXFileReference; explicitFileType = wrapper.application; includeInIndex = 0; path = "ProgressBar Practice.app"; sourceTree = BUILT_PRODUCTS_DIR; };
		5B3C142526DCDFDE0014AAC8 /* AppDelegate.swift */ = {isa = PBXFileReference; lastKnownFileType = sourcecode.swift; path = AppDelegate.swift; sourceTree = "<group>"; };
		5B3C142726DCDFDE0014AAC8 /* SceneDelegate.swift */ = {isa = PBXFileReference; lastKnownFileType = sourcecode.swift; path = SceneDelegate.swift; sourceTree = "<group>"; };
		5B3C142926DCDFDE0014AAC8 /* ViewController.swift */ = {isa = PBXFileReference; lastKnownFileType = sourcecode.swift; path = ViewController.swift; sourceTree = "<group>"; };
		5B3C142C26DCDFDE0014AAC8 /* Base */ = {isa = PBXFileReference; lastKnownFileType = file.storyboard; name = Base; path = Base.lproj/Main.storyboard; sourceTree = "<group>"; };
		5B3C142E26DCDFE10014AAC8 /* Assets.xcassets */ = {isa = PBXFileReference; lastKnownFileType = folder.assetcatalog; path = Assets.xcassets; sourceTree = "<group>"; };
		5B3C143126DCDFE10014AAC8 /* Base */ = {isa = PBXFileReference; lastKnownFileType = file.storyboard; name = Base; path = Base.lproj/LaunchScreen.storyboard; sourceTree = "<group>"; };
		5B3C143326DCDFE10014AAC8 /* Info.plist */ = {isa = PBXFileReference; lastKnownFileType = text.plist.xml; path = Info.plist; sourceTree = "<group>"; };
		5B3C143F26DCEA140014AAC8 /* CircleProgressView.swift */ = {isa = PBXFileReference; lastKnownFileType = sourcecode.swift; path = CircleProgressView.swift; sourceTree = "<group>"; };
		9D80ADBA48B4002D463A749B /* Pods_ProgressBar_Practice.framework */ = {isa = PBXFileReference; explicitFileType = wrapper.framework; includeInIndex = 0; path = Pods_ProgressBar_Practice.framework; sourceTree = BUILT_PRODUCTS_DIR; };
		DBE7964DD7302663A7D80402 /* Pods-ProgressBar Practice.release.xcconfig */ = {isa = PBXFileReference; includeInIndex = 1; lastKnownFileType = text.xcconfig; name = "Pods-ProgressBar Practice.release.xcconfig"; path = "Target Support Files/Pods-ProgressBar Practice/Pods-ProgressBar Practice.release.xcconfig"; sourceTree = "<group>"; };
/* End PBXFileReference section */

/* Begin PBXFrameworksBuildPhase section */
		5B3C141F26DCDFDE0014AAC8 /* Frameworks */ = {
			isa = PBXFrameworksBuildPhase;
			buildActionMask = 2147483647;
			files = (
				BE290CE7BA3DCFADA05DD104 /* Pods_ProgressBar_Practice.framework in Frameworks */,
			);
			runOnlyForDeploymentPostprocessing = 0;
		};
/* End PBXFrameworksBuildPhase section */

/* Begin PBXGroup section */
		1AB8E0D4A932CC5F860AAE30 /* Pods */ = {
			isa = PBXGroup;
			children = (
				3BB148A88CEF4075004A6D7D /* Pods-ProgressBar Practice.debug.xcconfig */,
				DBE7964DD7302663A7D80402 /* Pods-ProgressBar Practice.release.xcconfig */,
			);
			path = Pods;
			sourceTree = "<group>";
		};
		5B3C141926DCDFDE0014AAC8 = {
			isa = PBXGroup;
			children = (
				5B3C142426DCDFDE0014AAC8 /* ProgressBar Practice */,
				5B3C142326DCDFDE0014AAC8 /* Products */,
				1AB8E0D4A932CC5F860AAE30 /* Pods */,
				BD83D1EEA7097F330C4B4A1A /* Frameworks */,
			);
			sourceTree = "<group>";
		};
		5B3C142326DCDFDE0014AAC8 /* Products */ = {
			isa = PBXGroup;
			children = (
				5B3C142226DCDFDE0014AAC8 /* ProgressBar Practice.app */,
			);
			name = Products;
			sourceTree = "<group>";
		};
		5B3C142426DCDFDE0014AAC8 /* ProgressBar Practice */ = {
			isa = PBXGroup;
			children = (
				5B3C142526DCDFDE0014AAC8 /* AppDelegate.swift */,
				5B3C142726DCDFDE0014AAC8 /* SceneDelegate.swift */,
				5B3C143F26DCEA140014AAC8 /* CircleProgressView.swift */,
				5B3C142926DCDFDE0014AAC8 /* ViewController.swift */,
				5B3C142B26DCDFDE0014AAC8 /* Main.storyboard */,
				5B3C142E26DCDFE10014AAC8 /* Assets.xcassets */,
				5B3C143026DCDFE10014AAC8 /* LaunchScreen.storyboard */,
				5B3C143326DCDFE10014AAC8 /* Info.plist */,
			);
			path = "ProgressBar Practice";
			sourceTree = "<group>";
		};
		BD83D1EEA7097F330C4B4A1A /* Frameworks */ = {
			isa = PBXGroup;
			children = (
				9D80ADBA48B4002D463A749B /* Pods_ProgressBar_Practice.framework */,
			);
			name = Frameworks;
			sourceTree = "<group>";
		};
/* End PBXGroup section */

/* Begin PBXNativeTarget section */
		5B3C142126DCDFDE0014AAC8 /* ProgressBar Practice */ = {
			isa = PBXNativeTarget;
			buildConfigurationList = 5B3C143626DCDFE10014AAC8 /* Build configuration list for PBXNativeTarget "ProgressBar Practice" */;
			buildPhases = (
				D9FF4184D51433D5D3A50964 /* [CP] Check Pods Manifest.lock */,
				5B3C141E26DCDFDE0014AAC8 /* Sources */,
				5B3C141F26DCDFDE0014AAC8 /* Frameworks */,
				5B3C142026DCDFDE0014AAC8 /* Resources */,
				D20E9C03C3B53260975E5309 /* [CP] Embed Pods Frameworks */,
			);
			buildRules = (
			);
			dependencies = (
			);
			name = "ProgressBar Practice";
			productName = "ProgressBar Practice";
			productReference = 5B3C142226DCDFDE0014AAC8 /* ProgressBar Practice.app */;
			productType = "com.apple.product-type.application";
		};
/* End PBXNativeTarget section */

/* Begin PBXProject section */
		5B3C141A26DCDFDE0014AAC8 /* Project object */ = {
			isa = PBXProject;
			attributes = {
				LastSwiftUpdateCheck = 1240;
				LastUpgradeCheck = 1240;
				TargetAttributes = {
					5B3C142126DCDFDE0014AAC8 = {
						CreatedOnToolsVersion = 12.4;
					};
				};
			};
			buildConfigurationList = 5B3C141D26DCDFDE0014AAC8 /* Build configuration list for PBXProject "ProgressBar Practice" */;
			compatibilityVersion = "Xcode 9.3";
			developmentRegion = en;
			hasScannedForEncodings = 0;
			knownRegions = (
				en,
				Base,
			);
			mainGroup = 5B3C141926DCDFDE0014AAC8;
			productRefGroup = 5B3C142326DCDFDE0014AAC8 /* Products */;
			projectDirPath = "";
			projectRoot = "";
			targets = (
				5B3C142126DCDFDE0014AAC8 /* ProgressBar Practice */,
			);
		};
/* End PBXProject section */

/* Begin PBXResourcesBuildPhase section */
		5B3C142026DCDFDE0014AAC8 /* Resources */ = {
			isa = PBXResourcesBuildPhase;
			buildActionMask = 2147483647;
			files = (
				5B3C143226DCDFE10014AAC8 /* LaunchScreen.storyboard in Resources */,
				5B3C142F26DCDFE10014AAC8 /* Assets.xcassets in Resources */,
				5B3C142D26DCDFDE0014AAC8 /* Main.storyboard in Resources */,
			);
			runOnlyForDeploymentPostprocessing = 0;
		};
/* End PBXResourcesBuildPhase section */

/* Begin PBXShellScriptBuildPhase section */
		D20E9C03C3B53260975E5309 /* [CP] Embed Pods Frameworks */ = {
			isa = PBXShellScriptBuildPhase;
			buildActionMask = 2147483647;
			files = (
			);
			inputFileListPaths = (
				"${PODS_ROOT}/Target Support Files/Pods-ProgressBar Practice/Pods-ProgressBar Practice-frameworks-${CONFIGURATION}-input-files.xcfilelist",
			);
			name = "[CP] Embed Pods Frameworks";
			outputFileListPaths = (
				"${PODS_ROOT}/Target Support Files/Pods-ProgressBar Practice/Pods-ProgressBar Practice-frameworks-${CONFIGURATION}-output-files.xcfilelist",
			);
			runOnlyForDeploymentPostprocessing = 0;
			shellPath = /bin/sh;
			shellScript = "\"${PODS_ROOT}/Target Support Files/Pods-ProgressBar Practice/Pods-ProgressBar Practice-frameworks.sh\"\n";
			showEnvVarsInLog = 0;
		};
		D9FF4184D51433D5D3A50964 /* [CP] Check Pods Manifest.lock */ = {
			isa = PBXShellScriptBuildPhase;
			buildActionMask = 2147483647;
			files = (
			);
			inputFileListPaths = (
			);
			inputPaths = (
				"${PODS_PODFILE_DIR_PATH}/Podfile.lock",
				"${PODS_ROOT}/Manifest.lock",
			);
			name = "[CP] Check Pods Manifest.lock";
			outputFileListPaths = (
			);
			outputPaths = (
				"$(DERIVED_FILE_DIR)/Pods-ProgressBar Practice-checkManifestLockResult.txt",
			);
			runOnlyForDeploymentPostprocessing = 0;
			shellPath = /bin/sh;
			shellScript = "diff \"${PODS_PODFILE_DIR_PATH}/Podfile.lock\" \"${PODS_ROOT}/Manifest.lock\" > /dev/null\nif [ $? != 0 ] ; then\n    # print error to STDERR\n    echo \"error: The sandbox is not in sync with the Podfile.lock. Run 'pod install' or update your CocoaPods installation.\" >&2\n    exit 1\nfi\n# This output is used by Xcode 'outputs' to avoid re-running this script phase.\necho \"SUCCESS\" > \"${SCRIPT_OUTPUT_FILE_0}\"\n";
			showEnvVarsInLog = 0;
		};
/* End PBXShellScriptBuildPhase section */

/* Begin PBXSourcesBuildPhase section */
		5B3C141E26DCDFDE0014AAC8 /* Sources */ = {
			isa = PBXSourcesBuildPhase;
			buildActionMask = 2147483647;
			files = (
				5B3C142A26DCDFDE0014AAC8 /* ViewController.swift in Sources */,
				5B3C144026DCEA150014AAC8 /* CircleProgressView.swift in Sources */,
				5B3C142626DCDFDE0014AAC8 /* AppDelegate.swift in Sources */,
				5B3C142826DCDFDE0014AAC8 /* SceneDelegate.swift in Sources */,
			);
			runOnlyForDeploymentPostprocessing = 0;
		};
/* End PBXSourcesBuildPhase section */

/* Begin PBXVariantGroup section */
		5B3C142B26DCDFDE0014AAC8 /* Main.storyboard */ = {
			isa = PBXVariantGroup;
			children = (
				5B3C142C26DCDFDE0014AAC8 /* Base */,
			);
			name = Main.storyboard;
			sourceTree = "<group>";
		};
		5B3C143026DCDFE10014AAC8 /* LaunchScreen.storyboard */ = {
			isa = PBXVariantGroup;
			children = (
				5B3C143126DCDFE10014AAC8 /* Base */,
			);
			name = LaunchScreen.storyboard;
			sourceTree = "<group>";
		};
/* End PBXVariantGroup section */

/* Begin XCBuildConfiguration section */
		5B3C143426DCDFE10014AAC8 /* Debug */ = {
			isa = XCBuildConfiguration;
			buildSettings = {
				ALWAYS_SEARCH_USER_PATHS = NO;
				CLANG_ANALYZER_NONNULL = YES;
				CLANG_ANALYZER_NUMBER_OBJECT_CONVERSION = YES_AGGRESSIVE;
				CLANG_CXX_LANGUAGE_STANDARD = "gnu++14";
				CLANG_CXX_LIBRARY = "libc++";
				CLANG_ENABLE_MODULES = YES;
				CLANG_ENABLE_OBJC_ARC = YES;
				CLANG_ENABLE_OBJC_WEAK = YES;
				CLANG_WARN_BLOCK_CAPTURE_AUTORELEASING = YES;
				CLANG_WARN_BOOL_CONVERSION = YES;
				CLANG_WARN_COMMA = YES;
				CLANG_WARN_CONSTANT_CONVERSION = YES;
				CLANG_WARN_DEPRECATED_OBJC_IMPLEMENTATIONS = YES;
				CLANG_WARN_DIRECT_OBJC_ISA_USAGE = YES_ERROR;
				CLANG_WARN_DOCUMENTATION_COMMENTS = YES;
				CLANG_WARN_EMPTY_BODY = YES;
				CLANG_WARN_ENUM_CONVERSION = YES;
				CLANG_WARN_INFINITE_RECURSION = YES;
				CLANG_WARN_INT_CONVERSION = YES;
				CLANG_WARN_NON_LITERAL_NULL_CONVERSION = YES;
				CLANG_WARN_OBJC_IMPLICIT_RETAIN_SELF = YES;
				CLANG_WARN_OBJC_LITERAL_CONVERSION = YES;
				CLANG_WARN_OBJC_ROOT_CLASS = YES_ERROR;
				CLANG_WARN_QUOTED_INCLUDE_IN_FRAMEWORK_HEADER = YES;
				CLANG_WARN_RANGE_LOOP_ANALYSIS = YES;
				CLANG_WARN_STRICT_PROTOTYPES = YES;
				CLANG_WARN_SUSPICIOUS_MOVE = YES;
				CLANG_WARN_UNGUARDED_AVAILABILITY = YES_AGGRESSIVE;
				CLANG_WARN_UNREACHABLE_CODE = YES;
				CLANG_WARN__DUPLICATE_METHOD_MATCH = YES;
				COPY_PHASE_STRIP = NO;
				DEBUG_INFORMATION_FORMAT = dwarf;
				ENABLE_STRICT_OBJC_MSGSEND = YES;
				ENABLE_TESTABILITY = YES;
				GCC_C_LANGUAGE_STANDARD = gnu11;
				GCC_DYNAMIC_NO_PIC = NO;
				GCC_NO_COMMON_BLOCKS = YES;
				GCC_OPTIMIZATION_LEVEL = 0;
				GCC_PREPROCESSOR_DEFINITIONS = (
					"DEBUG=1",
					"$(inherited)",
				);
				GCC_WARN_64_TO_32_BIT_CONVERSION = YES;
				GCC_WARN_ABOUT_RETURN_TYPE = YES_ERROR;
				GCC_WARN_UNDECLARED_SELECTOR = YES;
				GCC_WARN_UNINITIALIZED_AUTOS = YES_AGGRESSIVE;
				GCC_WARN_UNUSED_FUNCTION = YES;
				GCC_WARN_UNUSED_VARIABLE = YES;
				IPHONEOS_DEPLOYMENT_TARGET = 14.4;
				MTL_ENABLE_DEBUG_INFO = INCLUDE_SOURCE;
				MTL_FAST_MATH = YES;
				ONLY_ACTIVE_ARCH = YES;
				SDKROOT = iphoneos;
				SWIFT_ACTIVE_COMPILATION_CONDITIONS = DEBUG;
				SWIFT_OPTIMIZATION_LEVEL = "-Onone";
			};
			name = Debug;
		};
		5B3C143526DCDFE10014AAC8 /* Release */ = {
			isa = XCBuildConfiguration;
			buildSettings = {
				ALWAYS_SEARCH_USER_PATHS = NO;
				CLANG_ANALYZER_NONNULL = YES;
				CLANG_ANALYZER_NUMBER_OBJECT_CONVERSION = YES_AGGRESSIVE;
				CLANG_CXX_LANGUAGE_STANDARD = "gnu++14";
				CLANG_CXX_LIBRARY = "libc++";
				CLANG_ENABLE_MODULES = YES;
				CLANG_ENABLE_OBJC_ARC = YES;
				CLANG_ENABLE_OBJC_WEAK = YES;
				CLANG_WARN_BLOCK_CAPTURE_AUTORELEASING = YES;
				CLANG_WARN_BOOL_CONVERSION = YES;
				CLANG_WARN_COMMA = YES;
				CLANG_WARN_CONSTANT_CONVERSION = YES;
				CLANG_WARN_DEPRECATED_OBJC_IMPLEMENTATIONS = YES;
				CLANG_WARN_DIRECT_OBJC_ISA_USAGE = YES_ERROR;
				CLANG_WARN_DOCUMENTATION_COMMENTS = YES;
				CLANG_WARN_EMPTY_BODY = YES;
				CLANG_WARN_ENUM_CONVERSION = YES;
				CLANG_WARN_INFINITE_RECURSION = YES;
				CLANG_WARN_INT_CONVERSION = YES;
				CLANG_WARN_NON_LITERAL_NULL_CONVERSION = YES;
				CLANG_WARN_OBJC_IMPLICIT_RETAIN_SELF = YES;
				CLANG_WARN_OBJC_LITERAL_CONVERSION = YES;
				CLANG_WARN_OBJC_ROOT_CLASS = YES_ERROR;
				CLANG_WARN_QUOTED_INCLUDE_IN_FRAMEWORK_HEADER = YES;
				CLANG_WARN_RANGE_LOOP_ANALYSIS = YES;
				CLANG_WARN_STRICT_PROTOTYPES = YES;
				CLANG_WARN_SUSPICIOUS_MOVE = YES;
				CLANG_WARN_UNGUARDED_AVAILABILITY = YES_AGGRESSIVE;
				CLANG_WARN_UNREACHABLE_CODE = YES;
				CLANG_WARN__DUPLICATE_METHOD_MATCH = YES;
				COPY_PHASE_STRIP = NO;
				DEBUG_INFORMATION_FORMAT = "dwarf-with-dsym";
				ENABLE_NS_ASSERTIONS = NO;
				ENABLE_STRICT_OBJC_MSGSEND = YES;
				GCC_C_LANGUAGE_STANDARD = gnu11;
				GCC_NO_COMMON_BLOCKS = YES;
				GCC_WARN_64_TO_32_BIT_CONVERSION = YES;
				GCC_WARN_ABOUT_RETURN_TYPE = YES_ERROR;
				GCC_WARN_UNDECLARED_SELECTOR = YES;
				GCC_WARN_UNINITIALIZED_AUTOS = YES_AGGRESSIVE;
				GCC_WARN_UNUSED_FUNCTION = YES;
				GCC_WARN_UNUSED_VARIABLE = YES;
				IPHONEOS_DEPLOYMENT_TARGET = 14.4;
				MTL_ENABLE_DEBUG_INFO = NO;
				MTL_FAST_MATH = YES;
				SDKROOT = iphoneos;
				SWIFT_COMPILATION_MODE = wholemodule;
				SWIFT_OPTIMIZATION_LEVEL = "-O";
				VALIDATE_PRODUCT = YES;
			};
			name = Release;
		};
		5B3C143726DCDFE10014AAC8 /* Debug */ = {
			isa = XCBuildConfiguration;
			baseConfigurationReference = 3BB148A88CEF4075004A6D7D /* Pods-ProgressBar Practice.debug.xcconfig */;
			buildSettings = {
				ASSETCATALOG_COMPILER_APPICON_NAME = AppIcon;
				ASSETCATALOG_COMPILER_GLOBAL_ACCENT_COLOR_NAME = AccentColor;
				CODE_SIGN_STYLE = Automatic;
				DEVELOPMENT_TEAM = 5GQ6QL9S3X;
				INFOPLIST_FILE = "ProgressBar Practice/Info.plist";
				LD_RUNPATH_SEARCH_PATHS = (
					"$(inherited)",
					"@executable_path/Frameworks",
				);
				PRODUCT_BUNDLE_IDENTIFIER = "ruheekim.ProgressBar-Practice";
				PRODUCT_NAME = "$(TARGET_NAME)";
				SWIFT_VERSION = 5.0;
				TARGETED_DEVICE_FAMILY = 1;
			};
			name = Debug;
		};
		5B3C143826DCDFE10014AAC8 /* Release */ = {
			isa = XCBuildConfiguration;
			baseConfigurationReference = DBE7964DD7302663A7D80402 /* Pods-ProgressBar Practice.release.xcconfig */;
			buildSettings = {
				ASSETCATALOG_COMPILER_APPICON_NAME = AppIcon;
				ASSETCATALOG_COMPILER_GLOBAL_ACCENT_COLOR_NAME = AccentColor;
				CODE_SIGN_STYLE = Automatic;
				DEVELOPMENT_TEAM = 5GQ6QL9S3X;
				INFOPLIST_FILE = "ProgressBar Practice/Info.plist";
				LD_RUNPATH_SEARCH_PATHS = (
					"$(inherited)",
					"@executable_path/Frameworks",
				);
				PRODUCT_BUNDLE_IDENTIFIER = "ruheekim.ProgressBar-Practice";
				PRODUCT_NAME = "$(TARGET_NAME)";
				SWIFT_VERSION = 5.0;
				TARGETED_DEVICE_FAMILY = 1;
			};
			name = Release;
		};
/* End XCBuildConfiguration section */

/* Begin XCConfigurationList section */
		5B3C141D26DCDFDE0014AAC8 /* Build configuration list for PBXProject "ProgressBar Practice" */ = {
			isa = XCConfigurationList;
			buildConfigurations = (
				5B3C143426DCDFE10014AAC8 /* Debug */,
				5B3C143526DCDFE10014AAC8 /* Release */,
			);
			defaultConfigurationIsVisible = 0;
			defaultConfigurationName = Release;
		};
		5B3C143626DCDFE10014AAC8 /* Build configuration list for PBXNativeTarget "ProgressBar Practice" */ = {
			isa = XCConfigurationList;
			buildConfigurations = (
				5B3C143726DCDFE10014AAC8 /* Debug */,
				5B3C143826DCDFE10014AAC8 /* Release */,
			);
			defaultConfigurationIsVisible = 0;
			defaultConfigurationName = Release;
		};
/* End XCConfigurationList section */
	};
	rootObject = 5B3C141A26DCDFDE0014AAC8 /* Project object */;
}
