// !$*UTF8*$!
{
	archiveVersion = 1;
	classes = {
	};
	objectVersion = 55;
	objects = {

/* Begin PBXBuildFile section */
		5B324481270D70AF00CD52D6 /* GoogleService-Info.plist in Resources */ = {isa = PBXBuildFile; fileRef = 5B324480270D70AF00CD52D6 /* GoogleService-Info.plist */; };
		5B4F028B2706398A00C04D75 /* CompleteViewController.swift in Sources */ = {isa = PBXBuildFile; fileRef = 5B4F028A2706398A00C04D75 /* CompleteViewController.swift */; };
		5B4F028D270774C200C04D75 /* SignUpViewController.swift in Sources */ = {isa = PBXBuildFile; fileRef = 5B4F028C270774C200C04D75 /* SignUpViewController.swift */; };
		5B5A61ED2706043D002E2C54 /* AppDelegate.swift in Sources */ = {isa = PBXBuildFile; fileRef = 5B5A61EC2706043D002E2C54 /* AppDelegate.swift */; };
		5B5A61EF2706043D002E2C54 /* SceneDelegate.swift in Sources */ = {isa = PBXBuildFile; fileRef = 5B5A61EE2706043D002E2C54 /* SceneDelegate.swift */; };
		5B5A61F12706043D002E2C54 /* ViewController.swift in Sources */ = {isa = PBXBuildFile; fileRef = 5B5A61F02706043D002E2C54 /* ViewController.swift */; };
		5B5A61F42706043D002E2C54 /* Main.storyboard in Resources */ = {isa = PBXBuildFile; fileRef = 5B5A61F22706043D002E2C54 /* Main.storyboard */; };
		5B5A61F627060440002E2C54 /* Assets.xcassets in Resources */ = {isa = PBXBuildFile; fileRef = 5B5A61F527060440002E2C54 /* Assets.xcassets */; };
		5B5A61F927060440002E2C54 /* LaunchScreen.storyboard in Resources */ = {isa = PBXBuildFile; fileRef = 5B5A61F727060440002E2C54 /* LaunchScreen.storyboard */; };
		F337E1B879F35968145266B6 /* Pods_Firebase_Practice.framework in Frameworks */ = {isa = PBXBuildFile; fileRef = F18C705E3DAAB05ACC141148 /* Pods_Firebase_Practice.framework */; };
/* End PBXBuildFile section */

/* Begin PBXFileReference section */
		320982A579DBACF8575AA44F /* Pods-Firebase Practice.debug.xcconfig */ = {isa = PBXFileReference; includeInIndex = 1; lastKnownFileType = text.xcconfig; name = "Pods-Firebase Practice.debug.xcconfig"; path = "Target Support Files/Pods-Firebase Practice/Pods-Firebase Practice.debug.xcconfig"; sourceTree = "<group>"; };
		5B2B463D270CCBA00074B585 /* Firebase Practice.entitlements */ = {isa = PBXFileReference; lastKnownFileType = text.plist.entitlements; path = "Firebase Practice.entitlements"; sourceTree = "<group>"; };
		5B324480270D70AF00CD52D6 /* GoogleService-Info.plist */ = {isa = PBXFileReference; fileEncoding = 4; lastKnownFileType = text.plist.xml; path = "GoogleService-Info.plist"; sourceTree = "<group>"; };
		5B4F028A2706398A00C04D75 /* CompleteViewController.swift */ = {isa = PBXFileReference; lastKnownFileType = sourcecode.swift; path = CompleteViewController.swift; sourceTree = "<group>"; };
		5B4F028C270774C200C04D75 /* SignUpViewController.swift */ = {isa = PBXFileReference; lastKnownFileType = sourcecode.swift; path = SignUpViewController.swift; sourceTree = "<group>"; };
		5B5A61E92706043D002E2C54 /* Firebase Practice.app */ = {isa = PBXFileReference; explicitFileType = wrapper.application; includeInIndex = 0; path = "Firebase Practice.app"; sourceTree = BUILT_PRODUCTS_DIR; };
		5B5A61EC2706043D002E2C54 /* AppDelegate.swift */ = {isa = PBXFileReference; lastKnownFileType = sourcecode.swift; path = AppDelegate.swift; sourceTree = "<group>"; };
		5B5A61EE2706043D002E2C54 /* SceneDelegate.swift */ = {isa = PBXFileReference; lastKnownFileType = sourcecode.swift; path = SceneDelegate.swift; sourceTree = "<group>"; };
		5B5A61F02706043D002E2C54 /* ViewController.swift */ = {isa = PBXFileReference; lastKnownFileType = sourcecode.swift; path = ViewController.swift; sourceTree = "<group>"; };
		5B5A61F32706043D002E2C54 /* Base */ = {isa = PBXFileReference; lastKnownFileType = file.storyboard; name = Base; path = Base.lproj/Main.storyboard; sourceTree = "<group>"; };
		5B5A61F527060440002E2C54 /* Assets.xcassets */ = {isa = PBXFileReference; lastKnownFileType = folder.assetcatalog; path = Assets.xcassets; sourceTree = "<group>"; };
		5B5A61F827060440002E2C54 /* Base */ = {isa = PBXFileReference; lastKnownFileType = file.storyboard; name = Base; path = Base.lproj/LaunchScreen.storyboard; sourceTree = "<group>"; };
		5B5A61FA27060440002E2C54 /* Info.plist */ = {isa = PBXFileReference; lastKnownFileType = text.plist.xml; path = Info.plist; sourceTree = "<group>"; };
		AC04E0AC0765CF7655B608DA /* Pods-Firebase Practice.release.xcconfig */ = {isa = PBXFileReference; includeInIndex = 1; lastKnownFileType = text.xcconfig; name = "Pods-Firebase Practice.release.xcconfig"; path = "Target Support Files/Pods-Firebase Practice/Pods-Firebase Practice.release.xcconfig"; sourceTree = "<group>"; };
		F18C705E3DAAB05ACC141148 /* Pods_Firebase_Practice.framework */ = {isa = PBXFileReference; explicitFileType = wrapper.framework; includeInIndex = 0; path = Pods_Firebase_Practice.framework; sourceTree = BUILT_PRODUCTS_DIR; };
/* End PBXFileReference section */

/* Begin PBXFrameworksBuildPhase section */
		5B5A61E62706043D002E2C54 /* Frameworks */ = {
			isa = PBXFrameworksBuildPhase;
			buildActionMask = 2147483647;
			files = (
				F337E1B879F35968145266B6 /* Pods_Firebase_Practice.framework in Frameworks */,
			);
			runOnlyForDeploymentPostprocessing = 0;
		};
/* End PBXFrameworksBuildPhase section */

/* Begin PBXGroup section */
		5B4F028E2707793500C04D75 /* View Controllers */ = {
			isa = PBXGroup;
			children = (
				5B5A61F02706043D002E2C54 /* ViewController.swift */,
				5B4F028C270774C200C04D75 /* SignUpViewController.swift */,
				5B4F028A2706398A00C04D75 /* CompleteViewController.swift */,
			);
			path = "View Controllers";
			sourceTree = "<group>";
		};
		5B4F028F2707794D00C04D75 /* Support */ = {
			isa = PBXGroup;
			children = (
				5B5A61EC2706043D002E2C54 /* AppDelegate.swift */,
				5B5A61EE2706043D002E2C54 /* SceneDelegate.swift */,
			);
			path = Support;
			sourceTree = "<group>";
		};
		5B4F02902707796100C04D75 /* Storyboards */ = {
			isa = PBXGroup;
			children = (
				5B5A61F727060440002E2C54 /* LaunchScreen.storyboard */,
				5B5A61F22706043D002E2C54 /* Main.storyboard */,
			);
			path = Storyboards;
			sourceTree = "<group>";
		};
		5B5A61E02706043D002E2C54 = {
			isa = PBXGroup;
			children = (
				5B5A61EB2706043D002E2C54 /* Firebase Practice */,
				5B5A61EA2706043D002E2C54 /* Products */,
				A9B2AFEAE4CACA020826620A /* Pods */,
				E6A495F94A0922649E21E248 /* Frameworks */,
			);
			sourceTree = "<group>";
		};
		5B5A61EA2706043D002E2C54 /* Products */ = {
			isa = PBXGroup;
			children = (
				5B5A61E92706043D002E2C54 /* Firebase Practice.app */,
			);
			name = Products;
			sourceTree = "<group>";
		};
		5B5A61EB2706043D002E2C54 /* Firebase Practice */ = {
			isa = PBXGroup;
			children = (
				5B2B463D270CCBA00074B585 /* Firebase Practice.entitlements */,
				5B324480270D70AF00CD52D6 /* GoogleService-Info.plist */,
				5B4F028F2707794D00C04D75 /* Support */,
				5B4F02902707796100C04D75 /* Storyboards */,
				5B4F028E2707793500C04D75 /* View Controllers */,
				5B5A61F527060440002E2C54 /* Assets.xcassets */,
				5B5A61FA27060440002E2C54 /* Info.plist */,
			);
			path = "Firebase Practice";
			sourceTree = "<group>";
		};
		A9B2AFEAE4CACA020826620A /* Pods */ = {
			isa = PBXGroup;
			children = (
				320982A579DBACF8575AA44F /* Pods-Firebase Practice.debug.xcconfig */,
				AC04E0AC0765CF7655B608DA /* Pods-Firebase Practice.release.xcconfig */,
			);
			path = Pods;
			sourceTree = "<group>";
		};
		E6A495F94A0922649E21E248 /* Frameworks */ = {
			isa = PBXGroup;
			children = (
				F18C705E3DAAB05ACC141148 /* Pods_Firebase_Practice.framework */,
			);
			name = Frameworks;
			sourceTree = "<group>";
		};
/* End PBXGroup section */

/* Begin PBXNativeTarget section */
		5B5A61E82706043D002E2C54 /* Firebase Practice */ = {
			isa = PBXNativeTarget;
			buildConfigurationList = 5B5A61FD27060440002E2C54 /* Build configuration list for PBXNativeTarget "Firebase Practice" */;
			buildPhases = (
				EC15B705204B75959A2FE54E /* [CP] Check Pods Manifest.lock */,
				5B5A61E52706043D002E2C54 /* Sources */,
				5B5A61E62706043D002E2C54 /* Frameworks */,
				5B5A61E72706043D002E2C54 /* Resources */,
				B3D8232E6FBDBB421367C798 /* [CP] Embed Pods Frameworks */,
			);
			buildRules = (
			);
			dependencies = (
			);
			name = "Firebase Practice";
			productName = "Firebase Practice";
			productReference = 5B5A61E92706043D002E2C54 /* Firebase Practice.app */;
			productType = "com.apple.product-type.application";
		};
/* End PBXNativeTarget section */

/* Begin PBXProject section */
		5B5A61E12706043D002E2C54 /* Project object */ = {
			isa = PBXProject;
			attributes = {
				BuildIndependentTargetsInParallel = 1;
				LastSwiftUpdateCheck = 1300;
				LastUpgradeCheck = 1300;
				TargetAttributes = {
					5B5A61E82706043D002E2C54 = {
						CreatedOnToolsVersion = 13.0;
					};
				};
			};
			buildConfigurationList = 5B5A61E42706043D002E2C54 /* Build configuration list for PBXProject "Firebase Practice" */;
			compatibilityVersion = "Xcode 13.0";
			developmentRegion = en;
			hasScannedForEncodings = 0;
			knownRegions = (
				en,
				Base,
			);
			mainGroup = 5B5A61E02706043D002E2C54;
			productRefGroup = 5B5A61EA2706043D002E2C54 /* Products */;
			projectDirPath = "";
			projectRoot = "";
			targets = (
				5B5A61E82706043D002E2C54 /* Firebase Practice */,
			);
		};
/* End PBXProject section */

/* Begin PBXResourcesBuildPhase section */
		5B5A61E72706043D002E2C54 /* Resources */ = {
			isa = PBXResourcesBuildPhase;
			buildActionMask = 2147483647;
			files = (
				5B5A61F927060440002E2C54 /* LaunchScreen.storyboard in Resources */,
				5B324481270D70AF00CD52D6 /* GoogleService-Info.plist in Resources */,
				5B5A61F627060440002E2C54 /* Assets.xcassets in Resources */,
				5B5A61F42706043D002E2C54 /* Main.storyboard in Resources */,
			);
			runOnlyForDeploymentPostprocessing = 0;
		};
/* End PBXResourcesBuildPhase section */

/* Begin PBXShellScriptBuildPhase section */
		B3D8232E6FBDBB421367C798 /* [CP] Embed Pods Frameworks */ = {
			isa = PBXShellScriptBuildPhase;
			buildActionMask = 2147483647;
			files = (
			);
			inputFileListPaths = (
				"${PODS_ROOT}/Target Support Files/Pods-Firebase Practice/Pods-Firebase Practice-frameworks-${CONFIGURATION}-input-files.xcfilelist",
			);
			name = "[CP] Embed Pods Frameworks";
			outputFileListPaths = (
				"${PODS_ROOT}/Target Support Files/Pods-Firebase Practice/Pods-Firebase Practice-frameworks-${CONFIGURATION}-output-files.xcfilelist",
			);
			runOnlyForDeploymentPostprocessing = 0;
			shellPath = /bin/sh;
			shellScript = "\"${PODS_ROOT}/Target Support Files/Pods-Firebase Practice/Pods-Firebase Practice-frameworks.sh\"\n";
			showEnvVarsInLog = 0;
		};
		EC15B705204B75959A2FE54E /* [CP] Check Pods Manifest.lock */ = {
			isa = PBXShellScriptBuildPhase;
			buildActionMask = 2147483647;
			files = (
			);
			inputFileListPaths = (
			);
			inputPaths = (
				"${PODS_PODFILE_DIR_PATH}/Podfile.lock",
				"${PODS_ROOT}/Manifest.lock",
			);
			name = "[CP] Check Pods Manifest.lock";
			outputFileListPaths = (
			);
			outputPaths = (
				"$(DERIVED_FILE_DIR)/Pods-Firebase Practice-checkManifestLockResult.txt",
			);
			runOnlyForDeploymentPostprocessing = 0;
			shellPath = /bin/sh;
			shellScript = "diff \"${PODS_PODFILE_DIR_PATH}/Podfile.lock\" \"${PODS_ROOT}/Manifest.lock\" > /dev/null\nif [ $? != 0 ] ; then\n    # print error to STDERR\n    echo \"error: The sandbox is not in sync with the Podfile.lock. Run 'pod install' or update your CocoaPods installation.\" >&2\n    exit 1\nfi\n# This output is used by Xcode 'outputs' to avoid re-running this script phase.\necho \"SUCCESS\" > \"${SCRIPT_OUTPUT_FILE_0}\"\n";
			showEnvVarsInLog = 0;
		};
/* End PBXShellScriptBuildPhase section */

/* Begin PBXSourcesBuildPhase section */
		5B5A61E52706043D002E2C54 /* Sources */ = {
			isa = PBXSourcesBuildPhase;
			buildActionMask = 2147483647;
			files = (
				5B4F028B2706398A00C04D75 /* CompleteViewController.swift in Sources */,
				5B5A61F12706043D002E2C54 /* ViewController.swift in Sources */,
				5B5A61ED2706043D002E2C54 /* AppDelegate.swift in Sources */,
				5B5A61EF2706043D002E2C54 /* SceneDelegate.swift in Sources */,
				5B4F028D270774C200C04D75 /* SignUpViewController.swift in Sources */,
			);
			runOnlyForDeploymentPostprocessing = 0;
		};
/* End PBXSourcesBuildPhase section */

/* Begin PBXVariantGroup section */
		5B5A61F22706043D002E2C54 /* Main.storyboard */ = {
			isa = PBXVariantGroup;
			children = (
				5B5A61F32706043D002E2C54 /* Base */,
			);
			name = Main.storyboard;
			sourceTree = "<group>";
		};
		5B5A61F727060440002E2C54 /* LaunchScreen.storyboard */ = {
			isa = PBXVariantGroup;
			children = (
				5B5A61F827060440002E2C54 /* Base */,
			);
			name = LaunchScreen.storyboard;
			sourceTree = "<group>";
		};
/* End PBXVariantGroup section */

/* Begin XCBuildConfiguration section */
		5B5A61FB27060440002E2C54 /* Debug */ = {
			isa = XCBuildConfiguration;
			buildSettings = {
				ALWAYS_SEARCH_USER_PATHS = NO;
				CLANG_ANALYZER_NONNULL = YES;
				CLANG_ANALYZER_NUMBER_OBJECT_CONVERSION = YES_AGGRESSIVE;
				CLANG_CXX_LANGUAGE_STANDARD = "gnu++17";
				CLANG_CXX_LIBRARY = "libc++";
				CLANG_ENABLE_MODULES = YES;
				CLANG_ENABLE_OBJC_ARC = YES;
				CLANG_ENABLE_OBJC_WEAK = YES;
				CLANG_WARN_BLOCK_CAPTURE_AUTORELEASING = YES;
				CLANG_WARN_BOOL_CONVERSION = YES;
				CLANG_WARN_COMMA = YES;
				CLANG_WARN_CONSTANT_CONVERSION = YES;
				CLANG_WARN_DEPRECATED_OBJC_IMPLEMENTATIONS = YES;
				CLANG_WARN_DIRECT_OBJC_ISA_USAGE = YES_ERROR;
				CLANG_WARN_DOCUMENTATION_COMMENTS = YES;
				CLANG_WARN_EMPTY_BODY = YES;
				CLANG_WARN_ENUM_CONVERSION = YES;
				CLANG_WARN_INFINITE_RECURSION = YES;
				CLANG_WARN_INT_CONVERSION = YES;
				CLANG_WARN_NON_LITERAL_NULL_CONVERSION = YES;
				CLANG_WARN_OBJC_IMPLICIT_RETAIN_SELF = YES;
				CLANG_WARN_OBJC_LITERAL_CONVERSION = YES;
				CLANG_WARN_OBJC_ROOT_CLASS = YES_ERROR;
				CLANG_WARN_QUOTED_INCLUDE_IN_FRAMEWORK_HEADER = YES;
				CLANG_WARN_RANGE_LOOP_ANALYSIS = YES;
				CLANG_WARN_STRICT_PROTOTYPES = YES;
				CLANG_WARN_SUSPICIOUS_MOVE = YES;
				CLANG_WARN_UNGUARDED_AVAILABILITY = YES_AGGRESSIVE;
				CLANG_WARN_UNREACHABLE_CODE = YES;
				CLANG_WARN__DUPLICATE_METHOD_MATCH = YES;
				COPY_PHASE_STRIP = NO;
				DEBUG_INFORMATION_FORMAT = dwarf;
				ENABLE_STRICT_OBJC_MSGSEND = YES;
				ENABLE_TESTABILITY = YES;
				GCC_C_LANGUAGE_STANDARD = gnu11;
				GCC_DYNAMIC_NO_PIC = NO;
				GCC_NO_COMMON_BLOCKS = YES;
				GCC_OPTIMIZATION_LEVEL = 0;
				GCC_PREPROCESSOR_DEFINITIONS = (
					"DEBUG=1",
					"$(inherited)",
				);
				GCC_WARN_64_TO_32_BIT_CONVERSION = YES;
				GCC_WARN_ABOUT_RETURN_TYPE = YES_ERROR;
				GCC_WARN_UNDECLARED_SELECTOR = YES;
				GCC_WARN_UNINITIALIZED_AUTOS = YES_AGGRESSIVE;
				GCC_WARN_UNUSED_FUNCTION = YES;
				GCC_WARN_UNUSED_VARIABLE = YES;
				IPHONEOS_DEPLOYMENT_TARGET = 15.0;
				MTL_ENABLE_DEBUG_INFO = INCLUDE_SOURCE;
				MTL_FAST_MATH = YES;
				ONLY_ACTIVE_ARCH = YES;
				SDKROOT = iphoneos;
				SWIFT_ACTIVE_COMPILATION_CONDITIONS = DEBUG;
				SWIFT_OPTIMIZATION_LEVEL = "-Onone";
			};
			name = Debug;
		};
		5B5A61FC27060440002E2C54 /* Release */ = {
			isa = XCBuildConfiguration;
			buildSettings = {
				ALWAYS_SEARCH_USER_PATHS = NO;
				CLANG_ANALYZER_NONNULL = YES;
				CLANG_ANALYZER_NUMBER_OBJECT_CONVERSION = YES_AGGRESSIVE;
				CLANG_CXX_LANGUAGE_STANDARD = "gnu++17";
				CLANG_CXX_LIBRARY = "libc++";
				CLANG_ENABLE_MODULES = YES;
				CLANG_ENABLE_OBJC_ARC = YES;
				CLANG_ENABLE_OBJC_WEAK = YES;
				CLANG_WARN_BLOCK_CAPTURE_AUTORELEASING = YES;
				CLANG_WARN_BOOL_CONVERSION = YES;
				CLANG_WARN_COMMA = YES;
				CLANG_WARN_CONSTANT_CONVERSION = YES;
				CLANG_WARN_DEPRECATED_OBJC_IMPLEMENTATIONS = YES;
				CLANG_WARN_DIRECT_OBJC_ISA_USAGE = YES_ERROR;
				CLANG_WARN_DOCUMENTATION_COMMENTS = YES;
				CLANG_WARN_EMPTY_BODY = YES;
				CLANG_WARN_ENUM_CONVERSION = YES;
				CLANG_WARN_INFINITE_RECURSION = YES;
				CLANG_WARN_INT_CONVERSION = YES;
				CLANG_WARN_NON_LITERAL_NULL_CONVERSION = YES;
				CLANG_WARN_OBJC_IMPLICIT_RETAIN_SELF = YES;
				CLANG_WARN_OBJC_LITERAL_CONVERSION = YES;
				CLANG_WARN_OBJC_ROOT_CLASS = YES_ERROR;
				CLANG_WARN_QUOTED_INCLUDE_IN_FRAMEWORK_HEADER = YES;
				CLANG_WARN_RANGE_LOOP_ANALYSIS = YES;
				CLANG_WARN_STRICT_PROTOTYPES = YES;
				CLANG_WARN_SUSPICIOUS_MOVE = YES;
				CLANG_WARN_UNGUARDED_AVAILABILITY = YES_AGGRESSIVE;
				CLANG_WARN_UNREACHABLE_CODE = YES;
				CLANG_WARN__DUPLICATE_METHOD_MATCH = YES;
				COPY_PHASE_STRIP = NO;
				DEBUG_INFORMATION_FORMAT = "dwarf-with-dsym";
				ENABLE_NS_ASSERTIONS = NO;
				ENABLE_STRICT_OBJC_MSGSEND = YES;
				GCC_C_LANGUAGE_STANDARD = gnu11;
				GCC_NO_COMMON_BLOCKS = YES;
				GCC_WARN_64_TO_32_BIT_CONVERSION = YES;
				GCC_WARN_ABOUT_RETURN_TYPE = YES_ERROR;
				GCC_WARN_UNDECLARED_SELECTOR = YES;
				GCC_WARN_UNINITIALIZED_AUTOS = YES_AGGRESSIVE;
				GCC_WARN_UNUSED_FUNCTION = YES;
				GCC_WARN_UNUSED_VARIABLE = YES;
				IPHONEOS_DEPLOYMENT_TARGET = 15.0;
				MTL_ENABLE_DEBUG_INFO = NO;
				MTL_FAST_MATH = YES;
				SDKROOT = iphoneos;
				SWIFT_COMPILATION_MODE = wholemodule;
				SWIFT_OPTIMIZATION_LEVEL = "-O";
				VALIDATE_PRODUCT = YES;
			};
			name = Release;
		};
		5B5A61FE27060440002E2C54 /* Debug */ = {
			isa = XCBuildConfiguration;
			baseConfigurationReference = 320982A579DBACF8575AA44F /* Pods-Firebase Practice.debug.xcconfig */;
			buildSettings = {
				ASSETCATALOG_COMPILER_APPICON_NAME = AppIcon;
				ASSETCATALOG_COMPILER_GLOBAL_ACCENT_COLOR_NAME = AccentColor;
				CODE_SIGN_ENTITLEMENTS = "Firebase Practice/Firebase Practice.entitlements";
				CODE_SIGN_STYLE = Automatic;
				CURRENT_PROJECT_VERSION = 1;
				DEVELOPMENT_TEAM = 4QG3GC35LA;
				GENERATE_INFOPLIST_FILE = YES;
				INFOPLIST_FILE = "Firebase Practice/Info.plist";
				INFOPLIST_KEY_UIApplicationSupportsIndirectInputEvents = YES;
				INFOPLIST_KEY_UILaunchStoryboardName = LaunchScreen;
				INFOPLIST_KEY_UIMainStoryboardFile = Main;
				INFOPLIST_KEY_UISupportedInterfaceOrientations = UIInterfaceOrientationPortrait;
				INFOPLIST_KEY_UISupportedInterfaceOrientations_iPad = "UIInterfaceOrientationPortrait UIInterfaceOrientationPortraitUpsideDown UIInterfaceOrientationLandscapeLeft UIInterfaceOrientationLandscapeRight";
				INFOPLIST_KEY_UISupportedInterfaceOrientations_iPhone = "UIInterfaceOrientationPortrait UIInterfaceOrientationLandscapeLeft UIInterfaceOrientationLandscapeRight";
				IPHONEOS_DEPLOYMENT_TARGET = 15.0;
				LD_RUNPATH_SEARCH_PATHS = (
					"$(inherited)",
					"@executable_path/Frameworks",
				);
				MARKETING_VERSION = 1.0;
				PRODUCT_BUNDLE_IDENTIFIER = ruheekim.FirebasePractice;
				PRODUCT_NAME = "$(TARGET_NAME)";
				SWIFT_EMIT_LOC_STRINGS = YES;
				SWIFT_VERSION = 5.0;
				TARGETED_DEVICE_FAMILY = 1;
			};
			name = Debug;
		};
		5B5A61FF27060440002E2C54 /* Release */ = {
			isa = XCBuildConfiguration;
			baseConfigurationReference = AC04E0AC0765CF7655B608DA /* Pods-Firebase Practice.release.xcconfig */;
			buildSettings = {
				ASSETCATALOG_COMPILER_APPICON_NAME = AppIcon;
				ASSETCATALOG_COMPILER_GLOBAL_ACCENT_COLOR_NAME = AccentColor;
				CODE_SIGN_ENTITLEMENTS = "Firebase Practice/Firebase Practice.entitlements";
				CODE_SIGN_STYLE = Automatic;
				CURRENT_PROJECT_VERSION = 1;
				DEVELOPMENT_TEAM = 4QG3GC35LA;
				GENERATE_INFOPLIST_FILE = YES;
				INFOPLIST_FILE = "Firebase Practice/Info.plist";
				INFOPLIST_KEY_UIApplicationSupportsIndirectInputEvents = YES;
				INFOPLIST_KEY_UILaunchStoryboardName = LaunchScreen;
				INFOPLIST_KEY_UIMainStoryboardFile = Main;
				INFOPLIST_KEY_UISupportedInterfaceOrientations = UIInterfaceOrientationPortrait;
				INFOPLIST_KEY_UISupportedInterfaceOrientations_iPad = "UIInterfaceOrientationPortrait UIInterfaceOrientationPortraitUpsideDown UIInterfaceOrientationLandscapeLeft UIInterfaceOrientationLandscapeRight";
				INFOPLIST_KEY_UISupportedInterfaceOrientations_iPhone = "UIInterfaceOrientationPortrait UIInterfaceOrientationLandscapeLeft UIInterfaceOrientationLandscapeRight";
				IPHONEOS_DEPLOYMENT_TARGET = 15.0;
				LD_RUNPATH_SEARCH_PATHS = (
					"$(inherited)",
					"@executable_path/Frameworks",
				);
				MARKETING_VERSION = 1.0;
				PRODUCT_BUNDLE_IDENTIFIER = com.taekki.dev.FirebaseAuthSample;
				PRODUCT_NAME = "$(TARGET_NAME)";
				SWIFT_EMIT_LOC_STRINGS = YES;
				SWIFT_VERSION = 5.0;
				TARGETED_DEVICE_FAMILY = 1;
			};
			name = Release;
		};
/* End XCBuildConfiguration section */

/* Begin XCConfigurationList section */
		5B5A61E42706043D002E2C54 /* Build configuration list for PBXProject "Firebase Practice" */ = {
			isa = XCConfigurationList;
			buildConfigurations = (
				5B5A61FB27060440002E2C54 /* Debug */,
				5B5A61FC27060440002E2C54 /* Release */,
			);
			defaultConfigurationIsVisible = 0;
			defaultConfigurationName = Release;
		};
		5B5A61FD27060440002E2C54 /* Build configuration list for PBXNativeTarget "Firebase Practice" */ = {
			isa = XCConfigurationList;
			buildConfigurations = (
				5B5A61FE27060440002E2C54 /* Debug */,
				5B5A61FF27060440002E2C54 /* Release */,
			);
			defaultConfigurationIsVisible = 0;
			defaultConfigurationName = Release;
		};
/* End XCConfigurationList section */
	};
	rootObject = 5B5A61E12706043D002E2C54 /* Project object */;
}
